// !$*UTF8*$!
{
	archiveVersion = 1;
	classes = {
	};
	objectVersion = 46;
	objects = {

/* Begin PBXBuildFile section */
		429F5D22B011DF6B7059B9BB /* Pods_TextureChat.framework in Frameworks */ = {isa = PBXBuildFile; fileRef = C655A3DAE16ED5C58D7B38F4 /* Pods_TextureChat.framework */; };
		4566A25503DBAB5009CFD8F9 /* Pods_TextureChatTests.framework in Frameworks */ = {isa = PBXBuildFile; fileRef = 03DDE03FFA492E0B75F87640 /* Pods_TextureChatTests.framework */; };
		D6D36CB06D900D0137CB09D0 /* Pods_TextureChatUITests.framework in Frameworks */ = {isa = PBXBuildFile; fileRef = CE2DC6C0BD05B53EA7D64C1A /* Pods_TextureChatUITests.framework */; };
		E4822B721F3894A700695CD2 /* AppDelegate.swift in Sources */ = {isa = PBXBuildFile; fileRef = E4822B711F3894A700695CD2 /* AppDelegate.swift */; };
		E4822B741F3894A700695CD2 /* ViewController.swift in Sources */ = {isa = PBXBuildFile; fileRef = E4822B731F3894A700695CD2 /* ViewController.swift */; };
		E4822B791F3894A700695CD2 /* Assets.xcassets in Resources */ = {isa = PBXBuildFile; fileRef = E4822B781F3894A700695CD2 /* Assets.xcassets */; };
		E4822B7C1F3894A700695CD2 /* LaunchScreen.storyboard in Resources */ = {isa = PBXBuildFile; fileRef = E4822B7A1F3894A700695CD2 /* LaunchScreen.storyboard */; };
		E4822B871F3894A700695CD2 /* TextureChatTests.swift in Sources */ = {isa = PBXBuildFile; fileRef = E4822B861F3894A700695CD2 /* TextureChatTests.swift */; };
		E4822B921F3894A700695CD2 /* TextureChatUITests.swift in Sources */ = {isa = PBXBuildFile; fileRef = E4822B911F3894A700695CD2 /* TextureChatUITests.swift */; };
		E4822BA21F38CEB500695CD2 /* ChatMessageCell.swift in Sources */ = {isa = PBXBuildFile; fileRef = E4822BA01F38CEB500695CD2 /* ChatMessageCell.swift */; };
/* End PBXBuildFile section */

/* Begin PBXContainerItemProxy section */
		E4822B831F3894A700695CD2 /* PBXContainerItemProxy */ = {
			isa = PBXContainerItemProxy;
			containerPortal = E4822B661F3894A700695CD2 /* Project object */;
			proxyType = 1;
			remoteGlobalIDString = E4822B6D1F3894A700695CD2;
			remoteInfo = TextureChat;
		};
		E4822B8E1F3894A700695CD2 /* PBXContainerItemProxy */ = {
			isa = PBXContainerItemProxy;
			containerPortal = E4822B661F3894A700695CD2 /* Project object */;
			proxyType = 1;
			remoteGlobalIDString = E4822B6D1F3894A700695CD2;
			remoteInfo = TextureChat;
		};
/* End PBXContainerItemProxy section */

/* Begin PBXFileReference section */
		03DDE03FFA492E0B75F87640 /* Pods_TextureChatTests.framework */ = {isa = PBXFileReference; explicitFileType = wrapper.framework; includeInIndex = 0; path = Pods_TextureChatTests.framework; sourceTree = BUILT_PRODUCTS_DIR; };
		20F1E8CBF5E3DA563BDD6B2F /* Pods-TextureChatTests.debug.xcconfig */ = {isa = PBXFileReference; includeInIndex = 1; lastKnownFileType = text.xcconfig; name = "Pods-TextureChatTests.debug.xcconfig"; path = "Pods/Target Support Files/Pods-TextureChatTests/Pods-TextureChatTests.debug.xcconfig"; sourceTree = "<group>"; };
		6078D35E735278E864068432 /* Pods-TextureChat.debug.xcconfig */ = {isa = PBXFileReference; includeInIndex = 1; lastKnownFileType = text.xcconfig; name = "Pods-TextureChat.debug.xcconfig"; path = "Pods/Target Support Files/Pods-TextureChat/Pods-TextureChat.debug.xcconfig"; sourceTree = "<group>"; };
		B8FEFA6F0A379DEE81CC8916 /* Pods-TextureChatTests.release.xcconfig */ = {isa = PBXFileReference; includeInIndex = 1; lastKnownFileType = text.xcconfig; name = "Pods-TextureChatTests.release.xcconfig"; path = "Pods/Target Support Files/Pods-TextureChatTests/Pods-TextureChatTests.release.xcconfig"; sourceTree = "<group>"; };
		C180464763EA5D816BC0D1DA /* Pods-TextureChat.release.xcconfig */ = {isa = PBXFileReference; includeInIndex = 1; lastKnownFileType = text.xcconfig; name = "Pods-TextureChat.release.xcconfig"; path = "Pods/Target Support Files/Pods-TextureChat/Pods-TextureChat.release.xcconfig"; sourceTree = "<group>"; };
		C655A3DAE16ED5C58D7B38F4 /* Pods_TextureChat.framework */ = {isa = PBXFileReference; explicitFileType = wrapper.framework; includeInIndex = 0; path = Pods_TextureChat.framework; sourceTree = BUILT_PRODUCTS_DIR; };
		CE2DC6C0BD05B53EA7D64C1A /* Pods_TextureChatUITests.framework */ = {isa = PBXFileReference; explicitFileType = wrapper.framework; includeInIndex = 0; path = Pods_TextureChatUITests.framework; sourceTree = BUILT_PRODUCTS_DIR; };
		E4822B6E1F3894A700695CD2 /* TextureChat.app */ = {isa = PBXFileReference; explicitFileType = wrapper.application; includeInIndex = 0; path = TextureChat.app; sourceTree = BUILT_PRODUCTS_DIR; };
		E4822B711F3894A700695CD2 /* AppDelegate.swift */ = {isa = PBXFileReference; lastKnownFileType = sourcecode.swift; path = AppDelegate.swift; sourceTree = "<group>"; };
		E4822B731F3894A700695CD2 /* ViewController.swift */ = {isa = PBXFileReference; lastKnownFileType = sourcecode.swift; path = ViewController.swift; sourceTree = "<group>"; };
		E4822B781F3894A700695CD2 /* Assets.xcassets */ = {isa = PBXFileReference; lastKnownFileType = folder.assetcatalog; path = Assets.xcassets; sourceTree = "<group>"; };
		E4822B7B1F3894A700695CD2 /* Base */ = {isa = PBXFileReference; lastKnownFileType = file.storyboard; name = Base; path = Base.lproj/LaunchScreen.storyboard; sourceTree = "<group>"; };
		E4822B7D1F3894A700695CD2 /* Info.plist */ = {isa = PBXFileReference; lastKnownFileType = text.plist.xml; path = Info.plist; sourceTree = "<group>"; };
		E4822B821F3894A700695CD2 /* TextureChatTests.xctest */ = {isa = PBXFileReference; explicitFileType = wrapper.cfbundle; includeInIndex = 0; path = TextureChatTests.xctest; sourceTree = BUILT_PRODUCTS_DIR; };
		E4822B861F3894A700695CD2 /* TextureChatTests.swift */ = {isa = PBXFileReference; lastKnownFileType = sourcecode.swift; path = TextureChatTests.swift; sourceTree = "<group>"; };
		E4822B881F3894A700695CD2 /* Info.plist */ = {isa = PBXFileReference; lastKnownFileType = text.plist.xml; path = Info.plist; sourceTree = "<group>"; };
		E4822B8D1F3894A700695CD2 /* TextureChatUITests.xctest */ = {isa = PBXFileReference; explicitFileType = wrapper.cfbundle; includeInIndex = 0; path = TextureChatUITests.xctest; sourceTree = BUILT_PRODUCTS_DIR; };
		E4822B911F3894A700695CD2 /* TextureChatUITests.swift */ = {isa = PBXFileReference; lastKnownFileType = sourcecode.swift; path = TextureChatUITests.swift; sourceTree = "<group>"; };
		E4822B931F3894A700695CD2 /* Info.plist */ = {isa = PBXFileReference; lastKnownFileType = text.plist.xml; path = Info.plist; sourceTree = "<group>"; };
		E4822BA01F38CEB500695CD2 /* ChatMessageCell.swift */ = {isa = PBXFileReference; fileEncoding = 4; lastKnownFileType = sourcecode.swift; path = ChatMessageCell.swift; sourceTree = "<group>"; };
		F8B91013E4FE7491D18E9E40 /* Pods-TextureChatUITests.debug.xcconfig */ = {isa = PBXFileReference; includeInIndex = 1; lastKnownFileType = text.xcconfig; name = "Pods-TextureChatUITests.debug.xcconfig"; path = "Pods/Target Support Files/Pods-TextureChatUITests/Pods-TextureChatUITests.debug.xcconfig"; sourceTree = "<group>"; };
		FE3CF53722EFC15E3C09E8BD /* Pods-TextureChatUITests.release.xcconfig */ = {isa = PBXFileReference; includeInIndex = 1; lastKnownFileType = text.xcconfig; name = "Pods-TextureChatUITests.release.xcconfig"; path = "Pods/Target Support Files/Pods-TextureChatUITests/Pods-TextureChatUITests.release.xcconfig"; sourceTree = "<group>"; };
/* End PBXFileReference section */

/* Begin PBXFrameworksBuildPhase section */
		E4822B6B1F3894A700695CD2 /* Frameworks */ = {
			isa = PBXFrameworksBuildPhase;
			buildActionMask = 2147483647;
			files = (
				429F5D22B011DF6B7059B9BB /* Pods_TextureChat.framework in Frameworks */,
			);
			runOnlyForDeploymentPostprocessing = 0;
		};
		E4822B7F1F3894A700695CD2 /* Frameworks */ = {
			isa = PBXFrameworksBuildPhase;
			buildActionMask = 2147483647;
			files = (
				4566A25503DBAB5009CFD8F9 /* Pods_TextureChatTests.framework in Frameworks */,
			);
			runOnlyForDeploymentPostprocessing = 0;
		};
		E4822B8A1F3894A700695CD2 /* Frameworks */ = {
			isa = PBXFrameworksBuildPhase;
			buildActionMask = 2147483647;
			files = (
				D6D36CB06D900D0137CB09D0 /* Pods_TextureChatUITests.framework in Frameworks */,
			);
			runOnlyForDeploymentPostprocessing = 0;
		};
/* End PBXFrameworksBuildPhase section */

/* Begin PBXGroup section */
		AC3D1DA3B0DFE563D1C1E3C1 /* Pods */ = {
			isa = PBXGroup;
			children = (
				6078D35E735278E864068432 /* Pods-TextureChat.debug.xcconfig */,
				C180464763EA5D816BC0D1DA /* Pods-TextureChat.release.xcconfig */,
				20F1E8CBF5E3DA563BDD6B2F /* Pods-TextureChatTests.debug.xcconfig */,
				B8FEFA6F0A379DEE81CC8916 /* Pods-TextureChatTests.release.xcconfig */,
				F8B91013E4FE7491D18E9E40 /* Pods-TextureChatUITests.debug.xcconfig */,
				FE3CF53722EFC15E3C09E8BD /* Pods-TextureChatUITests.release.xcconfig */,
			);
			name = Pods;
			sourceTree = "<group>";
		};
		E4822B651F3894A700695CD2 = {
			isa = PBXGroup;
			children = (
				E4822B701F3894A700695CD2 /* TextureChat */,
				E4822B851F3894A700695CD2 /* TextureChatTests */,
				E4822B901F3894A700695CD2 /* TextureChatUITests */,
				E4822B6F1F3894A700695CD2 /* Products */,
				AC3D1DA3B0DFE563D1C1E3C1 /* Pods */,
				E5A0A1531E131DE044FF4E13 /* Frameworks */,
			);
			sourceTree = "<group>";
		};
		E4822B6F1F3894A700695CD2 /* Products */ = {
			isa = PBXGroup;
			children = (
				E4822B6E1F3894A700695CD2 /* TextureChat.app */,
				E4822B821F3894A700695CD2 /* TextureChatTests.xctest */,
				E4822B8D1F3894A700695CD2 /* TextureChatUITests.xctest */,
			);
			name = Products;
			sourceTree = "<group>";
		};
		E4822B701F3894A700695CD2 /* TextureChat */ = {
			isa = PBXGroup;
			children = (
				E4822B9F1F38CE9B00695CD2 /* View */,
				E4822B711F3894A700695CD2 /* AppDelegate.swift */,
				E4822B731F3894A700695CD2 /* ViewController.swift */,
				E4822B781F3894A700695CD2 /* Assets.xcassets */,
				E4822B7A1F3894A700695CD2 /* LaunchScreen.storyboard */,
				E4822B7D1F3894A700695CD2 /* Info.plist */,
			);
			path = TextureChat;
			sourceTree = "<group>";
		};
		E4822B851F3894A700695CD2 /* TextureChatTests */ = {
			isa = PBXGroup;
			children = (
				E4822B861F3894A700695CD2 /* TextureChatTests.swift */,
				E4822B881F3894A700695CD2 /* Info.plist */,
			);
			path = TextureChatTests;
			sourceTree = "<group>";
		};
		E4822B901F3894A700695CD2 /* TextureChatUITests */ = {
			isa = PBXGroup;
			children = (
				E4822B911F3894A700695CD2 /* TextureChatUITests.swift */,
				E4822B931F3894A700695CD2 /* Info.plist */,
			);
			path = TextureChatUITests;
			sourceTree = "<group>";
		};
		E4822B9F1F38CE9B00695CD2 /* View */ = {
			isa = PBXGroup;
			children = (
				E4822BA01F38CEB500695CD2 /* ChatMessageCell.swift */,
			);
			path = View;
			sourceTree = "<group>";
		};
		E5A0A1531E131DE044FF4E13 /* Frameworks */ = {
			isa = PBXGroup;
			children = (
				C655A3DAE16ED5C58D7B38F4 /* Pods_TextureChat.framework */,
				03DDE03FFA492E0B75F87640 /* Pods_TextureChatTests.framework */,
				CE2DC6C0BD05B53EA7D64C1A /* Pods_TextureChatUITests.framework */,
			);
			name = Frameworks;
			sourceTree = "<group>";
		};
/* End PBXGroup section */

/* Begin PBXNativeTarget section */
		E4822B6D1F3894A700695CD2 /* TextureChat */ = {
			isa = PBXNativeTarget;
			buildConfigurationList = E4822B961F3894A700695CD2 /* Build configuration list for PBXNativeTarget "TextureChat" */;
			buildPhases = (
				3E7CA85CE3AA600F0B6F870D /* [CP] Check Pods Manifest.lock */,
				E4822B6A1F3894A700695CD2 /* Sources */,
				E4822B6B1F3894A700695CD2 /* Frameworks */,
				E4822B6C1F3894A700695CD2 /* Resources */,
				14C99AE67617223042B852D6 /* [CP] Embed Pods Frameworks */,
				92CF973FD9C4898B8065C96E /* [CP] Copy Pods Resources */,
			);
			buildRules = (
			);
			dependencies = (
			);
			name = TextureChat;
			productName = TextureChat;
			productReference = E4822B6E1F3894A700695CD2 /* TextureChat.app */;
			productType = "com.apple.product-type.application";
		};
		E4822B811F3894A700695CD2 /* TextureChatTests */ = {
			isa = PBXNativeTarget;
			buildConfigurationList = E4822B991F3894A700695CD2 /* Build configuration list for PBXNativeTarget "TextureChatTests" */;
			buildPhases = (
				490D713B1D1BD1B325CEBCA2 /* [CP] Check Pods Manifest.lock */,
				E4822B7E1F3894A700695CD2 /* Sources */,
				E4822B7F1F3894A700695CD2 /* Frameworks */,
				E4822B801F3894A700695CD2 /* Resources */,
				B7AC75739994AF59A61406E2 /* [CP] Embed Pods Frameworks */,
				22C786E39A2270F5F9304069 /* [CP] Copy Pods Resources */,
			);
			buildRules = (
			);
			dependencies = (
				E4822B841F3894A700695CD2 /* PBXTargetDependency */,
			);
			name = TextureChatTests;
			productName = TextureChatTests;
			productReference = E4822B821F3894A700695CD2 /* TextureChatTests.xctest */;
			productType = "com.apple.product-type.bundle.unit-test";
		};
		E4822B8C1F3894A700695CD2 /* TextureChatUITests */ = {
			isa = PBXNativeTarget;
			buildConfigurationList = E4822B9C1F3894A700695CD2 /* Build configuration list for PBXNativeTarget "TextureChatUITests" */;
			buildPhases = (
				E45AF070F69ECBC0F57902BC /* [CP] Check Pods Manifest.lock */,
				E4822B891F3894A700695CD2 /* Sources */,
				E4822B8A1F3894A700695CD2 /* Frameworks */,
				E4822B8B1F3894A700695CD2 /* Resources */,
				08A3E59C21C1FA0AD8538C5B /* [CP] Embed Pods Frameworks */,
				BDA7C1F1B00F4EBC87D6561D /* [CP] Copy Pods Resources */,
			);
			buildRules = (
			);
			dependencies = (
				E4822B8F1F3894A700695CD2 /* PBXTargetDependency */,
			);
			name = TextureChatUITests;
			productName = TextureChatUITests;
			productReference = E4822B8D1F3894A700695CD2 /* TextureChatUITests.xctest */;
			productType = "com.apple.product-type.bundle.ui-testing";
		};
/* End PBXNativeTarget section */

/* Begin PBXProject section */
		E4822B661F3894A700695CD2 /* Project object */ = {
			isa = PBXProject;
			attributes = {
				LastSwiftUpdateCheck = 0830;
				LastUpgradeCheck = 0830;
				ORGANIZATIONNAME = "Yasmin Benatti";
				TargetAttributes = {
					E4822B6D1F3894A700695CD2 = {
						CreatedOnToolsVersion = 8.3.3;
						DevelopmentTeam = XM356C548D;
						ProvisioningStyle = Automatic;
					};
					E4822B811F3894A700695CD2 = {
						CreatedOnToolsVersion = 8.3.3;
						DevelopmentTeam = XM356C548D;
						ProvisioningStyle = Automatic;
						TestTargetID = E4822B6D1F3894A700695CD2;
					};
					E4822B8C1F3894A700695CD2 = {
						CreatedOnToolsVersion = 8.3.3;
						DevelopmentTeam = XM356C548D;
						ProvisioningStyle = Automatic;
						TestTargetID = E4822B6D1F3894A700695CD2;
					};
				};
			};
			buildConfigurationList = E4822B691F3894A700695CD2 /* Build configuration list for PBXProject "TextureChat" */;
			compatibilityVersion = "Xcode 3.2";
			developmentRegion = English;
			hasScannedForEncodings = 0;
			knownRegions = (
				en,
				Base,
			);
			mainGroup = E4822B651F3894A700695CD2;
			productRefGroup = E4822B6F1F3894A700695CD2 /* Products */;
			projectDirPath = "";
			projectRoot = "";
			targets = (
				E4822B6D1F3894A700695CD2 /* TextureChat */,
				E4822B811F3894A700695CD2 /* TextureChatTests */,
				E4822B8C1F3894A700695CD2 /* TextureChatUITests */,
			);
		};
/* End PBXProject section */

/* Begin PBXResourcesBuildPhase section */
		E4822B6C1F3894A700695CD2 /* Resources */ = {
			isa = PBXResourcesBuildPhase;
			buildActionMask = 2147483647;
			files = (
				E4822B7C1F3894A700695CD2 /* LaunchScreen.storyboard in Resources */,
				E4822B791F3894A700695CD2 /* Assets.xcassets in Resources */,
			);
			runOnlyForDeploymentPostprocessing = 0;
		};
		E4822B801F3894A700695CD2 /* Resources */ = {
			isa = PBXResourcesBuildPhase;
			buildActionMask = 2147483647;
			files = (
			);
			runOnlyForDeploymentPostprocessing = 0;
		};
		E4822B8B1F3894A700695CD2 /* Resources */ = {
			isa = PBXResourcesBuildPhase;
			buildActionMask = 2147483647;
			files = (
			);
			runOnlyForDeploymentPostprocessing = 0;
		};
/* End PBXResourcesBuildPhase section */

/* Begin PBXShellScriptBuildPhase section */
		08A3E59C21C1FA0AD8538C5B /* [CP] Embed Pods Frameworks */ = {
			isa = PBXShellScriptBuildPhase;
			buildActionMask = 2147483647;
			files = (
			);
			inputPaths = (
			);
			name = "[CP] Embed Pods Frameworks";
			outputPaths = (
			);
			runOnlyForDeploymentPostprocessing = 0;
			shellPath = /bin/sh;
			shellScript = "\"${SRCROOT}/Pods/Target Support Files/Pods-TextureChatUITests/Pods-TextureChatUITests-frameworks.sh\"\n";
			showEnvVarsInLog = 0;
		};
		14C99AE67617223042B852D6 /* [CP] Embed Pods Frameworks */ = {
			isa = PBXShellScriptBuildPhase;
			buildActionMask = 2147483647;
			files = (
			);
			inputPaths = (
			);
			name = "[CP] Embed Pods Frameworks";
			outputPaths = (
			);
			runOnlyForDeploymentPostprocessing = 0;
			shellPath = /bin/sh;
			shellScript = "\"${SRCROOT}/Pods/Target Support Files/Pods-TextureChat/Pods-TextureChat-frameworks.sh\"\n";
			showEnvVarsInLog = 0;
		};
		22C786E39A2270F5F9304069 /* [CP] Copy Pods Resources */ = {
			isa = PBXShellScriptBuildPhase;
			buildActionMask = 2147483647;
			files = (
			);
			inputPaths = (
			);
			name = "[CP] Copy Pods Resources";
			outputPaths = (
			);
			runOnlyForDeploymentPostprocessing = 0;
			shellPath = /bin/sh;
			shellScript = "\"${SRCROOT}/Pods/Target Support Files/Pods-TextureChatTests/Pods-TextureChatTests-resources.sh\"\n";
			showEnvVarsInLog = 0;
		};
		3E7CA85CE3AA600F0B6F870D /* [CP] Check Pods Manifest.lock */ = {
			isa = PBXShellScriptBuildPhase;
			buildActionMask = 2147483647;
			files = (
			);
			inputPaths = (
			);
			name = "[CP] Check Pods Manifest.lock";
			outputPaths = (
			);
			runOnlyForDeploymentPostprocessing = 0;
			shellPath = /bin/sh;
			shellScript = "diff \"${PODS_PODFILE_DIR_PATH}/Podfile.lock\" \"${PODS_ROOT}/Manifest.lock\" > /dev/null\nif [ $? != 0 ] ; then\n    # print error to STDERR\n    echo \"error: The sandbox is not in sync with the Podfile.lock. Run 'pod install' or update your CocoaPods installation.\" >&2\n    exit 1\nfi\n";
			showEnvVarsInLog = 0;
		};
		490D713B1D1BD1B325CEBCA2 /* [CP] Check Pods Manifest.lock */ = {
			isa = PBXShellScriptBuildPhase;
			buildActionMask = 2147483647;
			files = (
			);
			inputPaths = (
			);
			name = "[CP] Check Pods Manifest.lock";
			outputPaths = (
			);
			runOnlyForDeploymentPostprocessing = 0;
			shellPath = /bin/sh;
			shellScript = "diff \"${PODS_PODFILE_DIR_PATH}/Podfile.lock\" \"${PODS_ROOT}/Manifest.lock\" > /dev/null\nif [ $? != 0 ] ; then\n    # print error to STDERR\n    echo \"error: The sandbox is not in sync with the Podfile.lock. Run 'pod install' or update your CocoaPods installation.\" >&2\n    exit 1\nfi\n";
			showEnvVarsInLog = 0;
		};
		92CF973FD9C4898B8065C96E /* [CP] Copy Pods Resources */ = {
			isa = PBXShellScriptBuildPhase;
			buildActionMask = 2147483647;
			files = (
			);
			inputPaths = (
			);
			name = "[CP] Copy Pods Resources";
			outputPaths = (
			);
			runOnlyForDeploymentPostprocessing = 0;
			shellPath = /bin/sh;
			shellScript = "\"${SRCROOT}/Pods/Target Support Files/Pods-TextureChat/Pods-TextureChat-resources.sh\"\n";
			showEnvVarsInLog = 0;
		};
		B7AC75739994AF59A61406E2 /* [CP] Embed Pods Frameworks */ = {
			isa = PBXShellScriptBuildPhase;
			buildActionMask = 2147483647;
			files = (
			);
			inputPaths = (
			);
			name = "[CP] Embed Pods Frameworks";
			outputPaths = (
			);
			runOnlyForDeploymentPostprocessing = 0;
			shellPath = /bin/sh;
			shellScript = "\"${SRCROOT}/Pods/Target Support Files/Pods-TextureChatTests/Pods-TextureChatTests-frameworks.sh\"\n";
			showEnvVarsInLog = 0;
		};
		BDA7C1F1B00F4EBC87D6561D /* [CP] Copy Pods Resources */ = {
			isa = PBXShellScriptBuildPhase;
			buildActionMask = 2147483647;
			files = (
			);
			inputPaths = (
			);
			name = "[CP] Copy Pods Resources";
			outputPaths = (
			);
			runOnlyForDeploymentPostprocessing = 0;
			shellPath = /bin/sh;
			shellScript = "\"${SRCROOT}/Pods/Target Support Files/Pods-TextureChatUITests/Pods-TextureChatUITests-resources.sh\"\n";
			showEnvVarsInLog = 0;
		};
		E45AF070F69ECBC0F57902BC /* [CP] Check Pods Manifest.lock */ = {
			isa = PBXShellScriptBuildPhase;
			buildActionMask = 2147483647;
			files = (
			);
			inputPaths = (
			);
			name = "[CP] Check Pods Manifest.lock";
			outputPaths = (
			);
			runOnlyForDeploymentPostprocessing = 0;
			shellPath = /bin/sh;
			shellScript = "diff \"${PODS_PODFILE_DIR_PATH}/Podfile.lock\" \"${PODS_ROOT}/Manifest.lock\" > /dev/null\nif [ $? != 0 ] ; then\n    # print error to STDERR\n    echo \"error: The sandbox is not in sync with the Podfile.lock. Run 'pod install' or update your CocoaPods installation.\" >&2\n    exit 1\nfi\n";
			showEnvVarsInLog = 0;
		};
/* End PBXShellScriptBuildPhase section */

/* Begin PBXSourcesBuildPhase section */
		E4822B6A1F3894A700695CD2 /* Sources */ = {
			isa = PBXSourcesBuildPhase;
			buildActionMask = 2147483647;
			files = (
				E4822BA21F38CEB500695CD2 /* ChatMessageCell.swift in Sources */,
				E4822B741F3894A700695CD2 /* ViewController.swift in Sources */,
				E4822B721F3894A700695CD2 /* AppDelegate.swift in Sources */,
			);
			runOnlyForDeploymentPostprocessing = 0;
		};
		E4822B7E1F3894A700695CD2 /* Sources */ = {
			isa = PBXSourcesBuildPhase;
			buildActionMask = 2147483647;
			files = (
				E4822B871F3894A700695CD2 /* TextureChatTests.swift in Sources */,
			);
			runOnlyForDeploymentPostprocessing = 0;
		};
		E4822B891F3894A700695CD2 /* Sources */ = {
			isa = PBXSourcesBuildPhase;
			buildActionMask = 2147483647;
			files = (
				E4822B921F3894A700695CD2 /* TextureChatUITests.swift in Sources */,
			);
			runOnlyForDeploymentPostprocessing = 0;
		};
/* End PBXSourcesBuildPhase section */

/* Begin PBXTargetDependency section */
		E4822B841F3894A700695CD2 /* PBXTargetDependency */ = {
			isa = PBXTargetDependency;
			target = E4822B6D1F3894A700695CD2 /* TextureChat */;
			targetProxy = E4822B831F3894A700695CD2 /* PBXContainerItemProxy */;
		};
		E4822B8F1F3894A700695CD2 /* PBXTargetDependency */ = {
			isa = PBXTargetDependency;
			target = E4822B6D1F3894A700695CD2 /* TextureChat */;
			targetProxy = E4822B8E1F3894A700695CD2 /* PBXContainerItemProxy */;
		};
/* End PBXTargetDependency section */

/* Begin PBXVariantGroup section */
		E4822B7A1F3894A700695CD2 /* LaunchScreen.storyboard */ = {
			isa = PBXVariantGroup;
			children = (
				E4822B7B1F3894A700695CD2 /* Base */,
			);
			name = LaunchScreen.storyboard;
			sourceTree = "<group>";
		};
/* End PBXVariantGroup section */

/* Begin XCBuildConfiguration section */
		E4822B941F3894A700695CD2 /* Debug */ = {
			isa = XCBuildConfiguration;
			buildSettings = {
				ALWAYS_SEARCH_USER_PATHS = NO;
				CLANG_ANALYZER_NONNULL = YES;
				CLANG_ANALYZER_NUMBER_OBJECT_CONVERSION = YES_AGGRESSIVE;
				CLANG_CXX_LANGUAGE_STANDARD = "gnu++0x";
				CLANG_CXX_LIBRARY = "libc++";
				CLANG_ENABLE_MODULES = YES;
				CLANG_ENABLE_OBJC_ARC = YES;
				CLANG_WARN_BOOL_CONVERSION = YES;
				CLANG_WARN_CONSTANT_CONVERSION = YES;
				CLANG_WARN_DIRECT_OBJC_ISA_USAGE = YES_ERROR;
				CLANG_WARN_DOCUMENTATION_COMMENTS = YES;
				CLANG_WARN_EMPTY_BODY = YES;
				CLANG_WARN_ENUM_CONVERSION = YES;
				CLANG_WARN_INFINITE_RECURSION = YES;
				CLANG_WARN_INT_CONVERSION = YES;
				CLANG_WARN_OBJC_ROOT_CLASS = YES_ERROR;
				CLANG_WARN_SUSPICIOUS_MOVE = YES;
				CLANG_WARN_UNREACHABLE_CODE = YES;
				CLANG_WARN__DUPLICATE_METHOD_MATCH = YES;
				"CODE_SIGN_IDENTITY[sdk=iphoneos*]" = "iPhone Developer";
				COPY_PHASE_STRIP = NO;
				DEBUG_INFORMATION_FORMAT = dwarf;
				ENABLE_STRICT_OBJC_MSGSEND = YES;
				ENABLE_TESTABILITY = YES;
				GCC_C_LANGUAGE_STANDARD = gnu99;
				GCC_DYNAMIC_NO_PIC = NO;
				GCC_NO_COMMON_BLOCKS = YES;
				GCC_OPTIMIZATION_LEVEL = 0;
				GCC_PREPROCESSOR_DEFINITIONS = (
					"DEBUG=1",
					"$(inherited)",
				);
				GCC_WARN_64_TO_32_BIT_CONVERSION = YES;
				GCC_WARN_ABOUT_RETURN_TYPE = YES_ERROR;
				GCC_WARN_UNDECLARED_SELECTOR = YES;
				GCC_WARN_UNINITIALIZED_AUTOS = YES_AGGRESSIVE;
				GCC_WARN_UNUSED_FUNCTION = YES;
				GCC_WARN_UNUSED_VARIABLE = YES;
				IPHONEOS_DEPLOYMENT_TARGET = 10.3;
				MTL_ENABLE_DEBUG_INFO = YES;
				ONLY_ACTIVE_ARCH = YES;
				SDKROOT = iphoneos;
				SWIFT_ACTIVE_COMPILATION_CONDITIONS = DEBUG;
				SWIFT_OPTIMIZATION_LEVEL = "-Onone";
			};
			name = Debug;
		};
		E4822B951F3894A700695CD2 /* Release */ = {
			isa = XCBuildConfiguration;
			buildSettings = {
				ALWAYS_SEARCH_USER_PATHS = NO;
				CLANG_ANALYZER_NONNULL = YES;
				CLANG_ANALYZER_NUMBER_OBJECT_CONVERSION = YES_AGGRESSIVE;
				CLANG_CXX_LANGUAGE_STANDARD = "gnu++0x";
				CLANG_CXX_LIBRARY = "libc++";
				CLANG_ENABLE_MODULES = YES;
				CLANG_ENABLE_OBJC_ARC = YES;
				CLANG_WARN_BOOL_CONVERSION = YES;
				CLANG_WARN_CONSTANT_CONVERSION = YES;
				CLANG_WARN_DIRECT_OBJC_ISA_USAGE = YES_ERROR;
				CLANG_WARN_DOCUMENTATION_COMMENTS = YES;
				CLANG_WARN_EMPTY_BODY = YES;
				CLANG_WARN_ENUM_CONVERSION = YES;
				CLANG_WARN_INFINITE_RECURSION = YES;
				CLANG_WARN_INT_CONVERSION = YES;
				CLANG_WARN_OBJC_ROOT_CLASS = YES_ERROR;
				CLANG_WARN_SUSPICIOUS_MOVE = YES;
				CLANG_WARN_UNREACHABLE_CODE = YES;
				CLANG_WARN__DUPLICATE_METHOD_MATCH = YES;
				"CODE_SIGN_IDENTITY[sdk=iphoneos*]" = "iPhone Developer";
				COPY_PHASE_STRIP = NO;
				DEBUG_INFORMATION_FORMAT = "dwarf-with-dsym";
				ENABLE_NS_ASSERTIONS = NO;
				ENABLE_STRICT_OBJC_MSGSEND = YES;
				GCC_C_LANGUAGE_STANDARD = gnu99;
				GCC_NO_COMMON_BLOCKS = YES;
				GCC_WARN_64_TO_32_BIT_CONVERSION = YES;
				GCC_WARN_ABOUT_RETURN_TYPE = YES_ERROR;
				GCC_WARN_UNDECLARED_SELECTOR = YES;
				GCC_WARN_UNINITIALIZED_AUTOS = YES_AGGRESSIVE;
				GCC_WARN_UNUSED_FUNCTION = YES;
				GCC_WARN_UNUSED_VARIABLE = YES;
				IPHONEOS_DEPLOYMENT_TARGET = 10.3;
				MTL_ENABLE_DEBUG_INFO = NO;
				SDKROOT = iphoneos;
				SWIFT_OPTIMIZATION_LEVEL = "-Owholemodule";
				VALIDATE_PRODUCT = YES;
			};
			name = Release;
		};
		E4822B971F3894A700695CD2 /* Debug */ = {
			isa = XCBuildConfiguration;
			baseConfigurationReference = 6078D35E735278E864068432 /* Pods-TextureChat.debug.xcconfig */;
			buildSettings = {
				ASSETCATALOG_COMPILER_APPICON_NAME = AppIcon;
				DEVELOPMENT_TEAM = XM356C548D;
				INFOPLIST_FILE = TextureChat/Info.plist;
				LD_RUNPATH_SEARCH_PATHS = "$(inherited) @executable_path/Frameworks";
				PRODUCT_BUNDLE_IDENTIFIER = yasminbenatti.TextureChat;
				PRODUCT_NAME = "$(TARGET_NAME)";
				SWIFT_VERSION = 3.0;
			};
			name = Debug;
		};
		E4822B981F3894A700695CD2 /* Release */ = {
			isa = XCBuildConfiguration;
			baseConfigurationReference = C180464763EA5D816BC0D1DA /* Pods-TextureChat.release.xcconfig */;
			buildSettings = {
				ASSETCATALOG_COMPILER_APPICON_NAME = AppIcon;
				DEVELOPMENT_TEAM = XM356C548D;
				INFOPLIST_FILE = TextureChat/Info.plist;
				LD_RUNPATH_SEARCH_PATHS = "$(inherited) @executable_path/Frameworks";
				PRODUCT_BUNDLE_IDENTIFIER = yasminbenatti.TextureChat;
				PRODUCT_NAME = "$(TARGET_NAME)";
				SWIFT_VERSION = 3.0;
			};
			name = Release;
		};
		E4822B9A1F3894A700695CD2 /* Debug */ = {
			isa = XCBuildConfiguration;
			baseConfigurationReference = 20F1E8CBF5E3DA563BDD6B2F /* Pods-TextureChatTests.debug.xcconfig */;
			buildSettings = {
				ALWAYS_EMBED_SWIFT_STANDARD_LIBRARIES = YES;
				BUNDLE_LOADER = "$(TEST_HOST)";
				DEVELOPMENT_TEAM = XM356C548D;
				INFOPLIST_FILE = TextureChatTests/Info.plist;
				LD_RUNPATH_SEARCH_PATHS = "$(inherited) @executable_path/Frameworks @loader_path/Frameworks";
				PRODUCT_BUNDLE_IDENTIFIER = yasminbenatti.TextureChatTests;
				PRODUCT_NAME = "$(TARGET_NAME)";
				SWIFT_VERSION = 3.0;
				TEST_HOST = "$(BUILT_PRODUCTS_DIR)/TextureChat.app/TextureChat";
			};
			name = Debug;
		};
		E4822B9B1F3894A700695CD2 /* Release */ = {
			isa = XCBuildConfiguration;
			baseConfigurationReference = B8FEFA6F0A379DEE81CC8916 /* Pods-TextureChatTests.release.xcconfig */;
			buildSettings = {
				ALWAYS_EMBED_SWIFT_STANDARD_LIBRARIES = YES;
				BUNDLE_LOADER = "$(TEST_HOST)";
				DEVELOPMENT_TEAM = XM356C548D;
				INFOPLIST_FILE = TextureChatTests/Info.plist;
				LD_RUNPATH_SEARCH_PATHS = "$(inherited) @executable_path/Frameworks @loader_path/Frameworks";
				PRODUCT_BUNDLE_IDENTIFIER = yasminbenatti.TextureChatTests;
				PRODUCT_NAME = "$(TARGET_NAME)";
				SWIFT_VERSION = 3.0;
				TEST_HOST = "$(BUILT_PRODUCTS_DIR)/TextureChat.app/TextureChat";
			};
			name = Release;
		};
		E4822B9D1F3894A700695CD2 /* Debug */ = {
			isa = XCBuildConfiguration;
			baseConfigurationReference = F8B91013E4FE7491D18E9E40 /* Pods-TextureChatUITests.debug.xcconfig */;
			buildSettings = {
				ALWAYS_EMBED_SWIFT_STANDARD_LIBRARIES = YES;
				DEVELOPMENT_TEAM = XM356C548D;
				INFOPLIST_FILE = TextureChatUITests/Info.plist;
				LD_RUNPATH_SEARCH_PATHS = "$(inherited) @executable_path/Frameworks @loader_path/Frameworks";
				PRODUCT_BUNDLE_IDENTIFIER = yasminbenatti.TextureChatUITests;
				PRODUCT_NAME = "$(TARGET_NAME)";
				SWIFT_VERSION = 3.0;
				TEST_TARGET_NAME = TextureChat;
			};
			name = Debug;
		};
		E4822B9E1F3894A700695CD2 /* Release */ = {
			isa = XCBuildConfiguration;
			baseConfigurationReference = FE3CF53722EFC15E3C09E8BD /* Pods-TextureChatUITests.release.xcconfig */;
			buildSettings = {
				ALWAYS_EMBED_SWIFT_STANDARD_LIBRARIES = YES;
				DEVELOPMENT_TEAM = XM356C548D;
				INFOPLIST_FILE = TextureChatUITests/Info.plist;
				LD_RUNPATH_SEARCH_PATHS = "$(inherited) @executable_path/Frameworks @loader_path/Frameworks";
				PRODUCT_BUNDLE_IDENTIFIER = yasminbenatti.TextureChatUITests;
				PRODUCT_NAME = "$(TARGET_NAME)";
				SWIFT_VERSION = 3.0;
				TEST_TARGET_NAME = TextureChat;
			};
			name = Release;
		};
/* End XCBuildConfiguration section */

/* Begin XCConfigurationList section */
		E4822B691F3894A700695CD2 /* Build configuration list for PBXProject "TextureChat" */ = {
			isa = XCConfigurationList;
			buildConfigurations = (
				E4822B941F3894A700695CD2 /* Debug */,
				E4822B951F3894A700695CD2 /* Release */,
			);
			defaultConfigurationIsVisible = 0;
			defaultConfigurationName = Release;
		};
		E4822B961F3894A700695CD2 /* Build configuration list for PBXNativeTarget "TextureChat" */ = {
			isa = XCConfigurationList;
			buildConfigurations = (
				E4822B971F3894A700695CD2 /* Debug */,
				E4822B981F3894A700695CD2 /* Release */,
			);
			defaultConfigurationIsVisible = 0;
			defaultConfigurationName = Release;
		};
		E4822B991F3894A700695CD2 /* Build configuration list for PBXNativeTarget "TextureChatTests" */ = {
			isa = XCConfigurationList;
			buildConfigurations = (
				E4822B9A1F3894A700695CD2 /* Debug */,
				E4822B9B1F3894A700695CD2 /* Release */,
			);
			defaultConfigurationIsVisible = 0;
			defaultConfigurationName = Release;
		};
		E4822B9C1F3894A700695CD2 /* Build configuration list for PBXNativeTarget "TextureChatUITests" */ = {
			isa = XCConfigurationList;
			buildConfigurations = (
				E4822B9D1F3894A700695CD2 /* Debug */,
				E4822B9E1F3894A700695CD2 /* Release */,
			);
			defaultConfigurationIsVisible = 0;
			defaultConfigurationName = Release;
		};
/* End XCConfigurationList section */
	};
	rootObject = E4822B661F3894A700695CD2 /* Project object */;
}
